
Microsoft Visual Studio Solution File, Format Version 12.00
# Visual Studio Version 17
VisualStudioVersion = 17.14.36915.13 d17.14
MinimumVisualStudioVersion = 10.0.40219.1
Project("{FAE04EC0-301F-11D3-BF4B-00C04F79EFBC}") = "PRN222-Assignment4-Option1", "PRN222-Assignment4-Option1\PRN222-Assignment4-Option1.csproj", "{684EE7BF-23A1-4CBA-84E6-4AEE3590DEF8}"
EndProject
Project("{FAE04EC0-301F-11D3-BF4B-00C04F79EFBC}") = "PRN222-Assignment4-Option1.DataAccess", "PRN222-Assignment4-Option1.DataAccess\PRN222-Assignment4-Option1.DataAccess.csproj", "{4681277B-B0B7-449A-85A8-1341630A4353}"
EndProject
Project("{FAE04EC0-301F-11D3-BF4B-00C04F79EFBC}") = "PRN222-Assignment4-Option1.BusinessLogic", "PRN222-Assignment4-Option1.BusinessLogic\PRN222-Assignment4-Option1.BusinessLogic.csproj", "{6675C30F-52DB-44CD-B0E7-7257DD5C4550}"
EndProject
Project("{FAE04EC0-301F-11D3-BF4B-00C04F79EFBC}") = "PRN222-Assignment4-Option1.Worker", "PRN222-Assignment4-Option1.Worker\PRN222-Assignment4-Option1.Worker.csproj", "{26FC8A44-A562-4272-804E-91B84CF998B9}"
EndProject
Global
	GlobalSection(SolutionConfigurationPlatforms) = preSolution
		Debug|Any CPU = Debug|Any CPU
		Release|Any CPU = Release|Any CPU
	EndGlobalSection
	GlobalSection(ProjectConfigurationPlatforms) = postSolution
		{684EE7BF-23A1-4CBA-84E6-4AEE3590DEF8}.Debug|Any CPU.ActiveCfg = Debug|Any CPU
		{684EE7BF-23A1-4CBA-84E6-4AEE3590DEF8}.Debug|Any CPU.Build.0 = Debug|Any CPU
		{684EE7BF-23A1-4CBA-84E6-4AEE3590DEF8}.Release|Any CPU.ActiveCfg = Release|Any CPU
		{684EE7BF-23A1-4CBA-84E6-4AEE3590DEF8}.Release|Any CPU.Build.0 = Release|Any CPU
		{4681277B-B0B7-449A-85A8-1341630A4353}.Debug|Any CPU.ActiveCfg = Debug|Any CPU
		{4681277B-B0B7-449A-85A8-1341630A4353}.Debug|Any CPU.Build.0 = Debug|Any CPU
		{4681277B-B0B7-449A-85A8-1341630A4353}.Release|Any CPU.ActiveCfg = Release|Any CPU
		{4681277B-B0B7-449A-85A8-1341630A4353}.Release|Any CPU.Build.0 = Release|Any CPU
		{6675C30F-52DB-44CD-B0E7-7257DD5C4550}.Debug|Any CPU.ActiveCfg = Debug|Any CPU
		{6675C30F-52DB-44CD-B0E7-7257DD5C4550}.Debug|Any CPU.Build.0 = Debug|Any CPU
		{6675C30F-52DB-44CD-B0E7-7257DD5C4550}.Release|Any CPU.ActiveCfg = Release|Any CPU
		{6675C30F-52DB-44CD-B0E7-7257DD5C4550}.Release|Any CPU.Build.0 = Release|Any CPU
		{26FC8A44-A562-4272-804E-91B84CF998B9}.Debug|Any CPU.ActiveCfg = Debug|Any CPU
		{26FC8A44-A562-4272-804E-91B84CF998B9}.Debug|Any CPU.Build.0 = Debug|Any CPU
		{26FC8A44-A562-4272-804E-91B84CF998B9}.Release|Any CPU.ActiveCfg = Release|Any CPU
		{26FC8A44-A562-4272-804E-91B84CF998B9}.Release|Any CPU.Build.0 = Release|Any CPU
	EndGlobalSection
	GlobalSection(SolutionProperties) = preSolution
		HideSolutionNode = FALSE
	EndGlobalSection
	GlobalSection(ExtensibilityGlobals) = postSolution
		SolutionGuid = {23FD8911-B7A1-438A-8464-57D85FEF5820}
	EndGlobalSection
EndGlobal
